<?xml version="1.0" encoding="utf-8"?>
<Project ToolsVersion="16.0" xmlns="http://schemas.microsoft.com/developer/msbuild/2003">
  <ItemGroup>
    <ClCompile Include="G:\MedCare360\apriltag-master\example\apriltag_demo.c">
      <Filter>Source Files</Filter>
    </ClCompile>
  </ItemGroup>
  <ItemGroup>
    <CustomBuild Include="G:\MedCare360\apriltag-master\CMakeLists.txt" />
  </ItemGroup>
  <ItemGroup>
    <Filter Include="Source Files">
      <UniqueIdentifier>{068D31E2-E4B8-31CB-9D23-A8EB05504EA4}</UniqueIdentifier>
    </Filter>
  </ItemGroup>
</Project>
