
Microsoft Visual Studio Solution File, Format Version 12.00
# Visual Studio Version 16
VisualStudioVersion = 16.0.31729.503
MinimumVisualStudioVersion = 10.0.40219.1
Project("{8BC9CEB8-8B4A-11D0-8D11-00A0C91BC942}") = "ALL_BUILD", "ALL_BUILD.vcxproj", "{613F6FD5-75AD-3683-854F-D05930A4250F}"
	ProjectSection(ProjectDependencies) = postProject
		{BE885385-BC9C-306F-AE40-36F17DE048D0} = {BE885385-BC9C-306F-AE40-36F17DE048D0}
		{95409B48-BD44-3F69-BBEC-14BBFAE487E3} = {95409B48-BD44-3F69-BBEC-14BBFAE487E3}
	EndProjectSection
EndProject
Project("{8BC9CEB8-8B4A-11D0-8D11-00A0C91BC942}") = "INSTALL", "INSTALL.vcxproj", "{2A4DCC33-E9B1-3991-A047-DBC0E79BC52E}"
	ProjectSection(ProjectDependencies) = postProject
		{613F6FD5-75AD-3683-854F-D05930A4250F} = {613F6FD5-75AD-3683-854F-D05930A4250F}
		{BE885385-BC9C-306F-AE40-36F17DE048D0} = {BE885385-BC9C-306F-AE40-36F17DE048D0}
	EndProjectSection
EndProject
Project("{8BC9CEB8-8B4A-11D0-8D11-00A0C91BC942}") = "ZERO_CHECK", "ZERO_CHECK.vcxproj", "{BE885385-BC9C-306F-AE40-36F17DE048D0}"
EndProject
Project("{8BC9CEB8-8B4A-11D0-8D11-00A0C91BC942}") = "apriltag", "apriltag.vcxproj", "{95409B48-BD44-3F69-BBEC-14BBFAE487E3}"
	ProjectSection(ProjectDependencies) = postProject
		{BE885385-BC9C-306F-AE40-36F17DE048D0} = {BE885385-BC9C-306F-AE40-36F17DE048D0}
	EndProjectSection
EndProject
Global
	GlobalSection(SolutionConfigurationPlatforms) = preSolution
		Debug|ARM64 = Debug|ARM64
		MinSizeRel|ARM64 = MinSizeRel|ARM64
		Release|ARM64 = Release|ARM64
		RelWithDebInfo|ARM64 = RelWithDebInfo|ARM64
	EndGlobalSection
	GlobalSection(ProjectConfigurationPlatforms) = postSolution
		{613F6FD5-75AD-3683-854F-D05930A4250F}.Debug|ARM64.ActiveCfg = Debug|ARM64
		{613F6FD5-75AD-3683-854F-D05930A4250F}.Debug|ARM64.Build.0 = Debug|ARM64
		{613F6FD5-75AD-3683-854F-D05930A4250F}.MinSizeRel|ARM64.ActiveCfg = MinSizeRel|ARM64
		{613F6FD5-75AD-3683-854F-D05930A4250F}.MinSizeRel|ARM64.Build.0 = MinSizeRel|ARM64
		{613F6FD5-75AD-3683-854F-D05930A4250F}.Release|ARM64.ActiveCfg = Release|ARM64
		{613F6FD5-75AD-3683-854F-D05930A4250F}.Release|ARM64.Build.0 = Release|ARM64
		{613F6FD5-75AD-3683-854F-D05930A4250F}.RelWithDebInfo|ARM64.ActiveCfg = RelWithDebInfo|ARM64
		{613F6FD5-75AD-3683-854F-D05930A4250F}.RelWithDebInfo|ARM64.Build.0 = RelWithDebInfo|ARM64
		{2A4DCC33-E9B1-3991-A047-DBC0E79BC52E}.Debug|ARM64.ActiveCfg = Debug|ARM64
		{2A4DCC33-E9B1-3991-A047-DBC0E79BC52E}.MinSizeRel|ARM64.ActiveCfg = MinSizeRel|ARM64
		{2A4DCC33-E9B1-3991-A047-DBC0E79BC52E}.Release|ARM64.ActiveCfg = Release|ARM64
		{2A4DCC33-E9B1-3991-A047-DBC0E79BC52E}.RelWithDebInfo|ARM64.ActiveCfg = RelWithDebInfo|ARM64
		{BE885385-BC9C-306F-AE40-36F17DE048D0}.Debug|ARM64.ActiveCfg = Debug|ARM64
		{BE885385-BC9C-306F-AE40-36F17DE048D0}.Debug|ARM64.Build.0 = Debug|ARM64
		{BE885385-BC9C-306F-AE40-36F17DE048D0}.MinSizeRel|ARM64.ActiveCfg = MinSizeRel|ARM64
		{BE885385-BC9C-306F-AE40-36F17DE048D0}.MinSizeRel|ARM64.Build.0 = MinSizeRel|ARM64
		{BE885385-BC9C-306F-AE40-36F17DE048D0}.Release|ARM64.ActiveCfg = Release|ARM64
		{BE885385-BC9C-306F-AE40-36F17DE048D0}.Release|ARM64.Build.0 = Release|ARM64
		{BE885385-BC9C-306F-AE40-36F17DE048D0}.RelWithDebInfo|ARM64.ActiveCfg = RelWithDebInfo|ARM64
		{BE885385-BC9C-306F-AE40-36F17DE048D0}.RelWithDebInfo|ARM64.Build.0 = RelWithDebInfo|ARM64
		{95409B48-BD44-3F69-BBEC-14BBFAE487E3}.Debug|ARM64.ActiveCfg = Debug|ARM64
		{95409B48-BD44-3F69-BBEC-14BBFAE487E3}.Debug|ARM64.Build.0 = Debug|ARM64
		{95409B48-BD44-3F69-BBEC-14BBFAE487E3}.MinSizeRel|ARM64.ActiveCfg = MinSizeRel|ARM64
		{95409B48-BD44-3F69-BBEC-14BBFAE487E3}.MinSizeRel|ARM64.Build.0 = MinSizeRel|ARM64
		{95409B48-BD44-3F69-BBEC-14BBFAE487E3}.Release|ARM64.ActiveCfg = Release|ARM64
		{95409B48-BD44-3F69-BBEC-14BBFAE487E3}.Release|ARM64.Build.0 = Release|ARM64
		{95409B48-BD44-3F69-BBEC-14BBFAE487E3}.RelWithDebInfo|ARM64.ActiveCfg = RelWithDebInfo|ARM64
		{95409B48-BD44-3F69-BBEC-14BBFAE487E3}.RelWithDebInfo|ARM64.Build.0 = RelWithDebInfo|ARM64
	EndGlobalSection
	GlobalSection(SolutionProperties) = preSolution
		HideSolutionNode = FALSE
	EndGlobalSection
	GlobalSection(ExtensibilityGlobals) = postSolution
		SolutionGuid = {2BABDDFC-9247-3988-921D-03D969A4D58C}
	EndGlobalSection
EndGlobal
